
Microsoft Visual Studio Solution File, Format Version 12.00
# Visual Studio Version 17
VisualStudioVersion = 17.5.33502.453
MinimumVisualStudioVersion = 10.0.40219.1
Project("{FAE04EC0-301F-11D3-BF4B-00C04F79EFBC}") = "Karl.Business", "Karl.Business\Karl.Business.csproj", "{1F77B416-35D8-4842-9F25-ED6A0116E0D9}"
EndProject
Project("{FAE04EC0-301F-11D3-BF4B-00C04F79EFBC}") = "Karl.DataAccess", "Karl.DataAccess\Karl.DataAccess.csproj", "{666A1784-2C51-423E-BF85-1922CF4D241A}"
EndProject
Project("{FAE04EC0-301F-11D3-BF4B-00C04F79EFBC}") = "Karl.Entities", "Karl.Entities\Karl.Entities.csproj", "{99AA35E8-12F4-4012-B965-D9A8600A1C39}"
EndProject
Project("{FAE04EC0-301F-11D3-BF4B-00C04F79EFBC}") = "Karl.Core", "Karl.Core\Karl.Core.csproj", "{4FC88371-E312-49FC-9AD4-234DCE863A1A}"
EndProject
Project("{FAE04EC0-301F-11D3-BF4B-00C04F79EFBC}") = "Karl.WebUI", "Karl.WebUI\Karl.WebUI.csproj", "{DC2CA991-60EE-4169-89E0-D0EB3A785738}"
EndProject
Global
	GlobalSection(SolutionConfigurationPlatforms) = preSolution
		Debug|Any CPU = Debug|Any CPU
		Release|Any CPU = Release|Any CPU
	EndGlobalSection
	GlobalSection(ProjectConfigurationPlatforms) = postSolution
		{1F77B416-35D8-4842-9F25-ED6A0116E0D9}.Debug|Any CPU.ActiveCfg = Debug|Any CPU
		{1F77B416-35D8-4842-9F25-ED6A0116E0D9}.Debug|Any CPU.Build.0 = Debug|Any CPU
		{1F77B416-35D8-4842-9F25-ED6A0116E0D9}.Release|Any CPU.ActiveCfg = Release|Any CPU
		{1F77B416-35D8-4842-9F25-ED6A0116E0D9}.Release|Any CPU.Build.0 = Release|Any CPU
		{666A1784-2C51-423E-BF85-1922CF4D241A}.Debug|Any CPU.ActiveCfg = Debug|Any CPU
		{666A1784-2C51-423E-BF85-1922CF4D241A}.Debug|Any CPU.Build.0 = Debug|Any CPU
		{666A1784-2C51-423E-BF85-1922CF4D241A}.Release|Any CPU.ActiveCfg = Release|Any CPU
		{666A1784-2C51-423E-BF85-1922CF4D241A}.Release|Any CPU.Build.0 = Release|Any CPU
		{99AA35E8-12F4-4012-B965-D9A8600A1C39}.Debug|Any CPU.ActiveCfg = Debug|Any CPU
		{99AA35E8-12F4-4012-B965-D9A8600A1C39}.Debug|Any CPU.Build.0 = Debug|Any CPU
		{99AA35E8-12F4-4012-B965-D9A8600A1C39}.Release|Any CPU.ActiveCfg = Release|Any CPU
		{99AA35E8-12F4-4012-B965-D9A8600A1C39}.Release|Any CPU.Build.0 = Release|Any CPU
		{4FC88371-E312-49FC-9AD4-234DCE863A1A}.Debug|Any CPU.ActiveCfg = Debug|Any CPU
		{4FC88371-E312-49FC-9AD4-234DCE863A1A}.Debug|Any CPU.Build.0 = Debug|Any CPU
		{4FC88371-E312-49FC-9AD4-234DCE863A1A}.Release|Any CPU.ActiveCfg = Release|Any CPU
		{4FC88371-E312-49FC-9AD4-234DCE863A1A}.Release|Any CPU.Build.0 = Release|Any CPU
		{DC2CA991-60EE-4169-89E0-D0EB3A785738}.Debug|Any CPU.ActiveCfg = Debug|Any CPU
		{DC2CA991-60EE-4169-89E0-D0EB3A785738}.Debug|Any CPU.Build.0 = Debug|Any CPU
		{DC2CA991-60EE-4169-89E0-D0EB3A785738}.Release|Any CPU.ActiveCfg = Release|Any CPU
		{DC2CA991-60EE-4169-89E0-D0EB3A785738}.Release|Any CPU.Build.0 = Release|Any CPU
	EndGlobalSection
	GlobalSection(SolutionProperties) = preSolution
		HideSolutionNode = FALSE
	EndGlobalSection
	GlobalSection(ExtensibilityGlobals) = postSolution
		SolutionGuid = {568A476D-5F36-478E-BA6F-CB7CCC187523}
	EndGlobalSection
EndGlobal
